# This file is automatically @generated by Cargo.
# It is not intended for manual editing.
version = 3

[[package]]
name = "bumpalo"
version = "3.16.0"
source = "registry+https://github.com/rust-lang/crates.io-index"
checksum = "79296716171880943b8470b5f8d03aa55eb2e645a4874bdbb28adb49162e012c"

[[package]]
name = "cfg-if"
version = "1.0.0"
source = "registry+https://github.com/rust-lang/crates.io-index"
checksum = "baf1de4339761588bc0619e3cbc0120ee582ebb74b53b4efbf79117bd2da40fd"

[[package]]
name = "console_error_panic_hook"
version = "0.1.7"
source = "registry+https://github.com/rust-lang/crates.io-index"
checksum = "a06aeb73f470f66dcdbf7223caeebb85984942f22f1adb2a088cf9668146bbbc"
dependencies = [
 "cfg-if",
 "wasm-bindgen",
]

[[package]]
name = "git-version"
version = "0.3.9"
source = "registry+https://github.com/rust-lang/crates.io-index"
checksum = "1ad568aa3db0fcbc81f2f116137f263d7304f512a1209b35b85150d3ef88ad19"
dependencies = [
 "git-version-macro",
]

[[package]]
name = "git-version-macro"
version = "0.3.9"
source = "registry+https://github.com/rust-lang/crates.io-index"
checksum = "53010ccb100b96a67bc32c0175f0ed1426b31b655d562898e57325f81c023ac0"
dependencies = [
 "proc-macro2",
 "quote",
 "syn",
]

[[package]]
name = "itoa"
version = "1.0.14"
source = "registry+https://github.com/rust-lang/crates.io-index"
checksum = "d75a2a4b1b190afb6f5425f10f6a8f959d2ea0b9c2b1d79553551850539e4674"

[[package]]
name = "js-sys"
version = "0.3.74"
source = "registry+https://github.com/rust-lang/crates.io-index"
checksum = "a865e038f7f6ed956f788f0d7d60c541fff74c7bd74272c5d4cf15c63743e705"
dependencies = [
 "once_cell",
 "wasm-bindgen",
]

[[package]]
name = "log"
version = "0.4.22"
source = "registry+https://github.com/rust-lang/crates.io-index"
checksum = "a7a70ba024b9dc04c27ea2f0c0548feb474ec5c54bba33a7f72f873a39d07b24"

[[package]]
name = "maia-json"
version = "0.5.0"
dependencies = [
 "serde",
]

[[package]]
name = "maia-wasm"
version = "0.6.1"
dependencies = [
 "console_error_panic_hook",
 "git-version",
 "js-sys",
 "maia-json",
 "paste",
 "serde",
 "serde_json",
 "wasm-bindgen",
 "wasm-bindgen-futures",
 "web-sys",
]

[[package]]
name = "memchr"
version = "2.7.4"
source = "registry+https://github.com/rust-lang/crates.io-index"
checksum = "78ca9ab1a0babb1e7d5695e3530886289c18cf2f87ec19a575a0abdce112e3a3"

[[package]]
name = "once_cell"
version = "1.20.2"
source = "registry+https://github.com/rust-lang/crates.io-index"
checksum = "1261fe7e33c73b354eab43b1273a57c8f967d0391e80353e51f764ac02cf6775"

[[package]]
name = "paste"
version = "1.0.15"
source = "registry+https://github.com/rust-lang/crates.io-index"
checksum = "57c0d7b74b563b49d38dae00a0c37d4d6de9b432382b2892f0574ddcae73fd0a"

[[package]]
name = "proc-macro2"
version = "1.0.92"
source = "registry+https://github.com/rust-lang/crates.io-index"
checksum = "37d3544b3f2748c54e147655edb5025752e2303145b5aefb3c3ea2c78b973bb0"
dependencies = [
 "unicode-ident",
]

[[package]]
name = "quote"
version = "1.0.37"
source = "registry+https://github.com/rust-lang/crates.io-index"
checksum = "b5b9d34b8991d19d98081b46eacdd8eb58c6f2b201139f7c5f643cc155a633af"
dependencies = [
 "proc-macro2",
]

[[package]]
name = "ryu"
version = "1.0.18"
source = "registry+https://github.com/rust-lang/crates.io-index"
checksum = "f3cb5ba0dc43242ce17de99c180e96db90b235b8a9fdc9543c96d2209116bd9f"

[[package]]
name = "serde"
version = "1.0.215"
source = "registry+https://github.com/rust-lang/crates.io-index"
checksum = "6513c1ad0b11a9376da888e3e0baa0077f1aed55c17f50e7b2397136129fb88f"
dependencies = [
 "serde_derive",
]

[[package]]
name = "serde_derive"
version = "1.0.215"
source = "registry+https://github.com/rust-lang/crates.io-index"
checksum = "ad1e866f866923f252f05c889987993144fb74e722403468a4ebd70c3cd756c0"
dependencies = [
 "proc-macro2",
 "quote",
 "syn",
]

[[package]]
name = "serde_json"
version = "1.0.133"
source = "registry+https://github.com/rust-lang/crates.io-index"
checksum = "c7fceb2473b9166b2294ef05efcb65a3db80803f0b03ef86a5fc88a2b85ee377"
dependencies = [
 "itoa",
 "memchr",
 "ryu",
 "serde",
]

[[package]]
name = "syn"
version = "2.0.90"
source = "registry+https://github.com/rust-lang/crates.io-index"
checksum = "919d3b74a5dd0ccd15aeb8f93e7006bd9e14c295087c9896a110f490752bcf31"
dependencies = [
 "proc-macro2",
 "quote",
 "unicode-ident",
]

[[package]]
name = "unicode-ident"
version = "1.0.14"
source = "registry+https://github.com/rust-lang/crates.io-index"
checksum = "adb9e6ca4f869e1180728b7950e35922a7fc6397f7b641499e8f3ef06e50dc83"

[[package]]
name = "wasm-bindgen"
version = "0.2.97"
source = "registry+https://github.com/rust-lang/crates.io-index"
checksum = "d15e63b4482863c109d70a7b8706c1e364eb6ea449b201a76c5b89cedcec2d5c"
dependencies = [
 "cfg-if",
 "once_cell",
 "wasm-bindgen-macro",
]

[[package]]
name = "wasm-bindgen-backend"
version = "0.2.97"
source = "registry+https://github.com/rust-lang/crates.io-index"
checksum = "8d36ef12e3aaca16ddd3f67922bc63e48e953f126de60bd33ccc0101ef9998cd"
dependencies = [
 "bumpalo",
 "log",
 "once_cell",
 "proc-macro2",
 "quote",
 "syn",
 "wasm-bindgen-shared",
]

[[package]]
name = "wasm-bindgen-futures"
version = "0.4.47"
source = "registry+https://github.com/rust-lang/crates.io-index"
checksum = "9dfaf8f50e5f293737ee323940c7d8b08a66a95a419223d9f41610ca08b0833d"
dependencies = [
 "cfg-if",
 "js-sys",
 "once_cell",
 "wasm-bindgen",
 "web-sys",
]

[[package]]
name = "wasm-bindgen-macro"
version = "0.2.97"
source = "registry+https://github.com/rust-lang/crates.io-index"
checksum = "705440e08b42d3e4b36de7d66c944be628d579796b8090bfa3471478a2260051"
dependencies = [
 "quote",
 "wasm-bindgen-macro-support",
]

[[package]]
name = "wasm-bindgen-macro-support"
version = "0.2.97"
source = "registry+https://github.com/rust-lang/crates.io-index"
checksum = "98c9ae5a76e46f4deecd0f0255cc223cfa18dc9b261213b8aa0c7b36f61b3f1d"
dependencies = [
 "proc-macro2",
 "quote",
 "syn",
 "wasm-bindgen-backend",
 "wasm-bindgen-shared",
]

[[package]]
name = "wasm-bindgen-shared"
version = "0.2.97"
source = "registry+https://github.com/rust-lang/crates.io-index"
checksum = "6ee99da9c5ba11bd675621338ef6fa52296b76b83305e9b6e5c77d4c286d6d49"

[[package]]
name = "web-sys"
version = "0.3.74"
source = "registry+https://github.com/rust-lang/crates.io-index"
checksum = "a98bc3c33f0fe7e59ad7cd041b89034fa82a7c2d4365ca538dda6cdaf513863c"
dependencies = [
 "js-sys",
 "wasm-bindgen",
]
